
Microsoft Visual Studio Solution File, Format Version 12.00
# Visual Studio 15
VisualStudioVersion = 15.0.27004.2002
MinimumVisualStudioVersion = 10.0.40219.1
Project("{FAE04EC0-301F-11D3-BF4B-00C04F79EFBC}") = "01_Greeting", "01_Greeting\01_Greeting.csproj", "{1C1F5346-4314-4270-A4AD-467F3F3CBD7B}"
EndProject
Project("{FAE04EC0-301F-11D3-BF4B-00C04F79EFBC}") = "02_Add_Two_Numbers", "02_Add_Two_Numbers\02_Add_Two_Numbers.csproj", "{069A708B-E14F-435B-AECB-E9C24D571F58}"
EndProject
Project("{FAE04EC0-301F-11D3-BF4B-00C04F79EFBC}") = "03_Employee_Data", "03_Employee_Data\03_Employee_Data.csproj", "{F125F069-54AA-4A48-9885-1D6F548117F5}"
EndProject
Global
	GlobalSection(SolutionConfigurationPlatforms) = preSolution
		Debug|Any CPU = Debug|Any CPU
		Release|Any CPU = Release|Any CPU
	EndGlobalSection
	GlobalSection(ProjectConfigurationPlatforms) = postSolution
		{1C1F5346-4314-4270-A4AD-467F3F3CBD7B}.Debug|Any CPU.ActiveCfg = Debug|Any CPU
		{1C1F5346-4314-4270-A4AD-467F3F3CBD7B}.Debug|Any CPU.Build.0 = Debug|Any CPU
		{1C1F5346-4314-4270-A4AD-467F3F3CBD7B}.Release|Any CPU.ActiveCfg = Release|Any CPU
		{1C1F5346-4314-4270-A4AD-467F3F3CBD7B}.Release|Any CPU.Build.0 = Release|Any CPU
		{069A708B-E14F-435B-AECB-E9C24D571F58}.Debug|Any CPU.ActiveCfg = Debug|Any CPU
		{069A708B-E14F-435B-AECB-E9C24D571F58}.Debug|Any CPU.Build.0 = Debug|Any CPU
		{069A708B-E14F-435B-AECB-E9C24D571F58}.Release|Any CPU.ActiveCfg = Release|Any CPU
		{069A708B-E14F-435B-AECB-E9C24D571F58}.Release|Any CPU.Build.0 = Release|Any CPU
		{F125F069-54AA-4A48-9885-1D6F548117F5}.Debug|Any CPU.ActiveCfg = Debug|Any CPU
		{F125F069-54AA-4A48-9885-1D6F548117F5}.Debug|Any CPU.Build.0 = Debug|Any CPU
		{F125F069-54AA-4A48-9885-1D6F548117F5}.Release|Any CPU.ActiveCfg = Release|Any CPU
		{F125F069-54AA-4A48-9885-1D6F548117F5}.Release|Any CPU.Build.0 = Release|Any CPU
	EndGlobalSection
	GlobalSection(SolutionProperties) = preSolution
		HideSolutionNode = FALSE
	EndGlobalSection
	GlobalSection(ExtensibilityGlobals) = postSolution
		SolutionGuid = {51C2B07F-A2C0-49A4-BD92-3F311120E5BF}
	EndGlobalSection
EndGlobal
