
Microsoft Visual Studio Solution File, Format Version 12.00
# Visual Studio 2013
VisualStudioVersion = 12.0.31101.0
MinimumVisualStudioVersion = 10.0.40219.1
Project("{FAE04EC0-301F-11D3-BF4B-00C04F79EFBC}") = "01_OddOrEven", "01_OddOrEven\01_OddOrEven.csproj", "{6A429106-1FCD-4BEC-908F-E0338D1E12C4}"
EndProject
Project("{FAE04EC0-301F-11D3-BF4B-00C04F79EFBC}") = "02_GravitationOnMoon", "02_GravitationOnMoon\02_GravitationOnMoon.csproj", "{B9E68832-8807-4A95-996E-C1CFE3822E12}"
EndProject
Project("{FAE04EC0-301F-11D3-BF4B-00C04F79EFBC}") = "03_DivideBy7And5", "03_DivideBy7And5\03_DivideBy7And5.csproj", "{98DC31BE-7B71-4E41-A239-FB5BD19C7998}"
EndProject
Project("{FAE04EC0-301F-11D3-BF4B-00C04F79EFBC}") = "04_Rectangles", "04_Rectangles\04_Rectangles.csproj", "{F4DCEE80-54F7-45A6-984A-B38BCF7E8E29}"
EndProject
Project("{FAE04EC0-301F-11D3-BF4B-00C04F79EFBC}") = "05_ThirdDigit7", "05_ThirdDigit7\05_ThirdDigit7.csproj", "{1B7E8361-DB32-43FF-94C2-EDD9626AC43D}"
EndProject
Project("{FAE04EC0-301F-11D3-BF4B-00C04F79EFBC}") = "06_FourDigitNumber", "06_FourDigitNumber\06_FourDigitNumber.csproj", "{6DF4B38A-D1D5-40E6-8EC3-286E108E0A8B}"
EndProject
Project("{FAE04EC0-301F-11D3-BF4B-00C04F79EFBC}") = "07_PointInCircle", "07_PointInCircle\07_PointInCircle.csproj", "{A71513DC-77E9-4333-9C77-8D7D4844D486}"
EndProject
Project("{FAE04EC0-301F-11D3-BF4B-00C04F79EFBC}") = "08_PrimeNumberCheck", "08_PrimeNumberCheck\08_PrimeNumberCheck.csproj", "{BFD82440-E307-480D-87CF-6E8A8563EE37}"
EndProject
Project("{FAE04EC0-301F-11D3-BF4B-00C04F79EFBC}") = "09_Trapezoids", "09_Trapezoids\09_Trapezoids.csproj", "{C6F90A3A-ADA0-4F0E-956E-04471886D8FF}"
EndProject
Project("{FAE04EC0-301F-11D3-BF4B-00C04F79EFBC}") = "10_PointInsideCircleOutsideRectangle", "10_PointInsideCircleOutsideRectangle\10_PointInsideCircleOutsideRectangle.csproj", "{A677AD5B-FE26-4A0F-95EE-9B633F70557D}"
EndProject
Project("{FAE04EC0-301F-11D3-BF4B-00C04F79EFBC}") = "11_ExtractBit3", "11_ExtractBit3\11_ExtractBit3.csproj", "{8E4F282A-49C6-4955-9BF4-7B707501C922}"
EndProject
Project("{FAE04EC0-301F-11D3-BF4B-00C04F79EFBC}") = "12_ExtractBitFromInteger", "12_ExtractBitFromInteger\12_ExtractBitFromInteger.csproj", "{235F40C1-56C7-4B08-9397-EC7D35900F02}"
EndProject
Project("{FAE04EC0-301F-11D3-BF4B-00C04F79EFBC}") = "13_CheckBitAtPosition", "13_CheckBitAtPosition\13_CheckBitAtPosition.csproj", "{348734B3-F987-428E-8C51-33D17B74A5CD}"
EndProject
Project("{FAE04EC0-301F-11D3-BF4B-00C04F79EFBC}") = "14_ModifyBitAtPosition", "14_ModifyBitAtPosition\14_ModifyBitAtPosition.csproj", "{CF998334-A1C7-4187-B36B-3C124F77BC8B}"
EndProject
Project("{FAE04EC0-301F-11D3-BF4B-00C04F79EFBC}") = "15_BitsExchange", "15_BitsExchange\15_BitsExchange.csproj", "{B11F9548-670A-41E1-8351-4DE4CBFA69F9}"
EndProject
Project("{FAE04EC0-301F-11D3-BF4B-00C04F79EFBC}") = "17_Volleyball", "17_Volleyball\17_Volleyball.csproj", "{5AA25253-49F4-4508-9064-05125E5C8FBB}"
EndProject
Project("{FAE04EC0-301F-11D3-BF4B-00C04F79EFBC}") = "18_OddEvenSum", "18_OddEvenSum\18_OddEvenSum.csproj", "{A9ADC678-9E2D-406B-8AA5-D8390F9D492B}"
EndProject
Project("{FAE04EC0-301F-11D3-BF4B-00C04F79EFBC}") = "19_TheExplorer", "19_TheExplorer\19_TheExplorer.csproj", "{52EC42B8-6DCB-4B3B-AE2E-7396BCA79340}"
EndProject
Project("{FAE04EC0-301F-11D3-BF4B-00C04F79EFBC}") = "20_BitsUp", "20_BitsUp\20_BitsUp.csproj", "{40D3193F-44BB-4A05-BDCC-9E12E79DC8B2}"
EndProject
Project("{FAE04EC0-301F-11D3-BF4B-00C04F79EFBC}") = "21_BitSifting", "21_BitSifting\21_BitSifting.csproj", "{B6167BC9-8420-4460-B590-0A2E43451058}"
EndProject
Project("{FAE04EC0-301F-11D3-BF4B-00C04F79EFBC}") = "16_BitExchange", "16_BitExchange\16_BitExchange.csproj", "{C0399CA9-257C-40A0-89D3-47B920F4C28C}"
EndProject
Global
	GlobalSection(SolutionConfigurationPlatforms) = preSolution
		Debug|Any CPU = Debug|Any CPU
		Release|Any CPU = Release|Any CPU
	EndGlobalSection
	GlobalSection(ProjectConfigurationPlatforms) = postSolution
		{6A429106-1FCD-4BEC-908F-E0338D1E12C4}.Debug|Any CPU.ActiveCfg = Debug|Any CPU
		{6A429106-1FCD-4BEC-908F-E0338D1E12C4}.Debug|Any CPU.Build.0 = Debug|Any CPU
		{6A429106-1FCD-4BEC-908F-E0338D1E12C4}.Release|Any CPU.ActiveCfg = Release|Any CPU
		{6A429106-1FCD-4BEC-908F-E0338D1E12C4}.Release|Any CPU.Build.0 = Release|Any CPU
		{B9E68832-8807-4A95-996E-C1CFE3822E12}.Debug|Any CPU.ActiveCfg = Debug|Any CPU
		{B9E68832-8807-4A95-996E-C1CFE3822E12}.Debug|Any CPU.Build.0 = Debug|Any CPU
		{B9E68832-8807-4A95-996E-C1CFE3822E12}.Release|Any CPU.ActiveCfg = Release|Any CPU
		{B9E68832-8807-4A95-996E-C1CFE3822E12}.Release|Any CPU.Build.0 = Release|Any CPU
		{98DC31BE-7B71-4E41-A239-FB5BD19C7998}.Debug|Any CPU.ActiveCfg = Debug|Any CPU
		{98DC31BE-7B71-4E41-A239-FB5BD19C7998}.Debug|Any CPU.Build.0 = Debug|Any CPU
		{98DC31BE-7B71-4E41-A239-FB5BD19C7998}.Release|Any CPU.ActiveCfg = Release|Any CPU
		{98DC31BE-7B71-4E41-A239-FB5BD19C7998}.Release|Any CPU.Build.0 = Release|Any CPU
		{F4DCEE80-54F7-45A6-984A-B38BCF7E8E29}.Debug|Any CPU.ActiveCfg = Debug|Any CPU
		{F4DCEE80-54F7-45A6-984A-B38BCF7E8E29}.Debug|Any CPU.Build.0 = Debug|Any CPU
		{F4DCEE80-54F7-45A6-984A-B38BCF7E8E29}.Release|Any CPU.ActiveCfg = Release|Any CPU
		{F4DCEE80-54F7-45A6-984A-B38BCF7E8E29}.Release|Any CPU.Build.0 = Release|Any CPU
		{1B7E8361-DB32-43FF-94C2-EDD9626AC43D}.Debug|Any CPU.ActiveCfg = Debug|Any CPU
		{1B7E8361-DB32-43FF-94C2-EDD9626AC43D}.Debug|Any CPU.Build.0 = Debug|Any CPU
		{1B7E8361-DB32-43FF-94C2-EDD9626AC43D}.Release|Any CPU.ActiveCfg = Release|Any CPU
		{1B7E8361-DB32-43FF-94C2-EDD9626AC43D}.Release|Any CPU.Build.0 = Release|Any CPU
		{6DF4B38A-D1D5-40E6-8EC3-286E108E0A8B}.Debug|Any CPU.ActiveCfg = Debug|Any CPU
		{6DF4B38A-D1D5-40E6-8EC3-286E108E0A8B}.Debug|Any CPU.Build.0 = Debug|Any CPU
		{6DF4B38A-D1D5-40E6-8EC3-286E108E0A8B}.Release|Any CPU.ActiveCfg = Release|Any CPU
		{6DF4B38A-D1D5-40E6-8EC3-286E108E0A8B}.Release|Any CPU.Build.0 = Release|Any CPU
		{A71513DC-77E9-4333-9C77-8D7D4844D486}.Debug|Any CPU.ActiveCfg = Debug|Any CPU
		{A71513DC-77E9-4333-9C77-8D7D4844D486}.Debug|Any CPU.Build.0 = Debug|Any CPU
		{A71513DC-77E9-4333-9C77-8D7D4844D486}.Release|Any CPU.ActiveCfg = Release|Any CPU
		{A71513DC-77E9-4333-9C77-8D7D4844D486}.Release|Any CPU.Build.0 = Release|Any CPU
		{BFD82440-E307-480D-87CF-6E8A8563EE37}.Debug|Any CPU.ActiveCfg = Debug|Any CPU
		{BFD82440-E307-480D-87CF-6E8A8563EE37}.Debug|Any CPU.Build.0 = Debug|Any CPU
		{BFD82440-E307-480D-87CF-6E8A8563EE37}.Release|Any CPU.ActiveCfg = Release|Any CPU
		{BFD82440-E307-480D-87CF-6E8A8563EE37}.Release|Any CPU.Build.0 = Release|Any CPU
		{C6F90A3A-ADA0-4F0E-956E-04471886D8FF}.Debug|Any CPU.ActiveCfg = Debug|Any CPU
		{C6F90A3A-ADA0-4F0E-956E-04471886D8FF}.Debug|Any CPU.Build.0 = Debug|Any CPU
		{C6F90A3A-ADA0-4F0E-956E-04471886D8FF}.Release|Any CPU.ActiveCfg = Release|Any CPU
		{C6F90A3A-ADA0-4F0E-956E-04471886D8FF}.Release|Any CPU.Build.0 = Release|Any CPU
		{A677AD5B-FE26-4A0F-95EE-9B633F70557D}.Debug|Any CPU.ActiveCfg = Debug|Any CPU
		{A677AD5B-FE26-4A0F-95EE-9B633F70557D}.Debug|Any CPU.Build.0 = Debug|Any CPU
		{A677AD5B-FE26-4A0F-95EE-9B633F70557D}.Release|Any CPU.ActiveCfg = Release|Any CPU
		{A677AD5B-FE26-4A0F-95EE-9B633F70557D}.Release|Any CPU.Build.0 = Release|Any CPU
		{8E4F282A-49C6-4955-9BF4-7B707501C922}.Debug|Any CPU.ActiveCfg = Debug|Any CPU
		{8E4F282A-49C6-4955-9BF4-7B707501C922}.Debug|Any CPU.Build.0 = Debug|Any CPU
		{8E4F282A-49C6-4955-9BF4-7B707501C922}.Release|Any CPU.ActiveCfg = Release|Any CPU
		{8E4F282A-49C6-4955-9BF4-7B707501C922}.Release|Any CPU.Build.0 = Release|Any CPU
		{235F40C1-56C7-4B08-9397-EC7D35900F02}.Debug|Any CPU.ActiveCfg = Debug|Any CPU
		{235F40C1-56C7-4B08-9397-EC7D35900F02}.Debug|Any CPU.Build.0 = Debug|Any CPU
		{235F40C1-56C7-4B08-9397-EC7D35900F02}.Release|Any CPU.ActiveCfg = Release|Any CPU
		{235F40C1-56C7-4B08-9397-EC7D35900F02}.Release|Any CPU.Build.0 = Release|Any CPU
		{348734B3-F987-428E-8C51-33D17B74A5CD}.Debug|Any CPU.ActiveCfg = Debug|Any CPU
		{348734B3-F987-428E-8C51-33D17B74A5CD}.Debug|Any CPU.Build.0 = Debug|Any CPU
		{348734B3-F987-428E-8C51-33D17B74A5CD}.Release|Any CPU.ActiveCfg = Release|Any CPU
		{348734B3-F987-428E-8C51-33D17B74A5CD}.Release|Any CPU.Build.0 = Release|Any CPU
		{CF998334-A1C7-4187-B36B-3C124F77BC8B}.Debug|Any CPU.ActiveCfg = Debug|Any CPU
		{CF998334-A1C7-4187-B36B-3C124F77BC8B}.Debug|Any CPU.Build.0 = Debug|Any CPU
		{CF998334-A1C7-4187-B36B-3C124F77BC8B}.Release|Any CPU.ActiveCfg = Release|Any CPU
		{CF998334-A1C7-4187-B36B-3C124F77BC8B}.Release|Any CPU.Build.0 = Release|Any CPU
		{B11F9548-670A-41E1-8351-4DE4CBFA69F9}.Debug|Any CPU.ActiveCfg = Debug|Any CPU
		{B11F9548-670A-41E1-8351-4DE4CBFA69F9}.Debug|Any CPU.Build.0 = Debug|Any CPU
		{B11F9548-670A-41E1-8351-4DE4CBFA69F9}.Release|Any CPU.ActiveCfg = Release|Any CPU
		{B11F9548-670A-41E1-8351-4DE4CBFA69F9}.Release|Any CPU.Build.0 = Release|Any CPU
		{5AA25253-49F4-4508-9064-05125E5C8FBB}.Debug|Any CPU.ActiveCfg = Debug|Any CPU
		{5AA25253-49F4-4508-9064-05125E5C8FBB}.Debug|Any CPU.Build.0 = Debug|Any CPU
		{5AA25253-49F4-4508-9064-05125E5C8FBB}.Release|Any CPU.ActiveCfg = Release|Any CPU
		{5AA25253-49F4-4508-9064-05125E5C8FBB}.Release|Any CPU.Build.0 = Release|Any CPU
		{A9ADC678-9E2D-406B-8AA5-D8390F9D492B}.Debug|Any CPU.ActiveCfg = Debug|Any CPU
		{A9ADC678-9E2D-406B-8AA5-D8390F9D492B}.Debug|Any CPU.Build.0 = Debug|Any CPU
		{A9ADC678-9E2D-406B-8AA5-D8390F9D492B}.Release|Any CPU.ActiveCfg = Release|Any CPU
		{A9ADC678-9E2D-406B-8AA5-D8390F9D492B}.Release|Any CPU.Build.0 = Release|Any CPU
		{52EC42B8-6DCB-4B3B-AE2E-7396BCA79340}.Debug|Any CPU.ActiveCfg = Debug|Any CPU
		{52EC42B8-6DCB-4B3B-AE2E-7396BCA79340}.Debug|Any CPU.Build.0 = Debug|Any CPU
		{52EC42B8-6DCB-4B3B-AE2E-7396BCA79340}.Release|Any CPU.ActiveCfg = Release|Any CPU
		{52EC42B8-6DCB-4B3B-AE2E-7396BCA79340}.Release|Any CPU.Build.0 = Release|Any CPU
		{40D3193F-44BB-4A05-BDCC-9E12E79DC8B2}.Debug|Any CPU.ActiveCfg = Debug|Any CPU
		{40D3193F-44BB-4A05-BDCC-9E12E79DC8B2}.Debug|Any CPU.Build.0 = Debug|Any CPU
		{40D3193F-44BB-4A05-BDCC-9E12E79DC8B2}.Release|Any CPU.ActiveCfg = Release|Any CPU
		{40D3193F-44BB-4A05-BDCC-9E12E79DC8B2}.Release|Any CPU.Build.0 = Release|Any CPU
		{B6167BC9-8420-4460-B590-0A2E43451058}.Debug|Any CPU.ActiveCfg = Debug|Any CPU
		{B6167BC9-8420-4460-B590-0A2E43451058}.Debug|Any CPU.Build.0 = Debug|Any CPU
		{B6167BC9-8420-4460-B590-0A2E43451058}.Release|Any CPU.ActiveCfg = Release|Any CPU
		{B6167BC9-8420-4460-B590-0A2E43451058}.Release|Any CPU.Build.0 = Release|Any CPU
		{C0399CA9-257C-40A0-89D3-47B920F4C28C}.Debug|Any CPU.ActiveCfg = Debug|Any CPU
		{C0399CA9-257C-40A0-89D3-47B920F4C28C}.Debug|Any CPU.Build.0 = Debug|Any CPU
		{C0399CA9-257C-40A0-89D3-47B920F4C28C}.Release|Any CPU.ActiveCfg = Release|Any CPU
		{C0399CA9-257C-40A0-89D3-47B920F4C28C}.Release|Any CPU.Build.0 = Release|Any CPU
	EndGlobalSection
	GlobalSection(SolutionProperties) = preSolution
		HideSolutionNode = FALSE
	EndGlobalSection
EndGlobal
